
Microsoft Visual Studio Solution File, Format Version 12.00
# Visual Studio Version 17
VisualStudioVersion = 17.8.34309.116
MinimumVisualStudioVersion = 10.0.40219.1
Project("{FAE04EC0-301F-11D3-BF4B-00C04F79EFBC}") = "Çalışma Zamanı Nesne Oluşturma (Çift Bulma Oyunu)", "Çalışma Zamanı Nesne Oluşturma (Çift Bulma Oyunu).csproj", "{0EFD3981-E18C-451C-9751-8811CE6376EF}"
EndProject
Global
	GlobalSection(SolutionConfigurationPlatforms) = preSolution
		Debug|Any CPU = Debug|Any CPU
		Release|Any CPU = Release|Any CPU
	EndGlobalSection
	GlobalSection(ProjectConfigurationPlatforms) = postSolution
		{0EFD3981-E18C-451C-9751-8811CE6376EF}.Debug|Any CPU.ActiveCfg = Debug|Any CPU
		{0EFD3981-E18C-451C-9751-8811CE6376EF}.Debug|Any CPU.Build.0 = Debug|Any CPU
		{0EFD3981-E18C-451C-9751-8811CE6376EF}.Release|Any CPU.ActiveCfg = Release|Any CPU
		{0EFD3981-E18C-451C-9751-8811CE6376EF}.Release|Any CPU.Build.0 = Release|Any CPU
	EndGlobalSection
	GlobalSection(SolutionProperties) = preSolution
		HideSolutionNode = FALSE
	EndGlobalSection
	GlobalSection(ExtensibilityGlobals) = postSolution
		SolutionGuid = {6D644785-8970-47BC-9D4F-D8D0B2903D6D}
	EndGlobalSection
EndGlobal
